
Microsoft Visual Studio Solution File, Format Version 12.00
# Visual Studio Version 17
VisualStudioVersion = 17.0.31903.59
MinimumVisualStudioVersion = 10.0.40219.1
Project("{2150E333-8FDC-42A3-9474-1A3956D46DE8}") = "src", "src", "{F9A4691A-1517-4E75-9B7C-BC14379EF12A}"
EndProject
Project("{FAE04EC0-301F-11D3-BF4B-00C04F79EFBC}") = "RoomBookingConflicts", "src\RoomBookingConflicts\RoomBookingConflicts.csproj", "{0641A9F4-DCEB-4DFB-91D0-749491226881}"
EndProject
Project("{2150E333-8FDC-42A3-9474-1A3956D46DE8}") = "tests", "tests", "{E7007D0A-0EE2-4CF7-8886-BE4A2F638082}"
EndProject
Project("{FAE04EC0-301F-11D3-BF4B-00C04F79EFBC}") = "RoomBookingConflicts.Tests", "tests\RoomBookingConflicts.Tests\RoomBookingConflicts.Tests.csproj", "{1A9949D6-3067-42A5-A7BE-FCC86326CA9C}"
EndProject
Global
	GlobalSection(SolutionConfigurationPlatforms) = preSolution
		Debug|Any CPU = Debug|Any CPU
		Release|Any CPU = Release|Any CPU
	EndGlobalSection
	GlobalSection(SolutionProperties) = preSolution
		HideSolutionNode = FALSE
	EndGlobalSection
	GlobalSection(ProjectConfigurationPlatforms) = postSolution
		{0641A9F4-DCEB-4DFB-91D0-749491226881}.Debug|Any CPU.ActiveCfg = Debug|Any CPU
		{0641A9F4-DCEB-4DFB-91D0-749491226881}.Debug|Any CPU.Build.0 = Debug|Any CPU
		{0641A9F4-DCEB-4DFB-91D0-749491226881}.Release|Any CPU.ActiveCfg = Release|Any CPU
		{0641A9F4-DCEB-4DFB-91D0-749491226881}.Release|Any CPU.Build.0 = Release|Any CPU
		{1A9949D6-3067-42A5-A7BE-FCC86326CA9C}.Debug|Any CPU.ActiveCfg = Debug|Any CPU
		{1A9949D6-3067-42A5-A7BE-FCC86326CA9C}.Debug|Any CPU.Build.0 = Debug|Any CPU
		{1A9949D6-3067-42A5-A7BE-FCC86326CA9C}.Release|Any CPU.ActiveCfg = Release|Any CPU
		{1A9949D6-3067-42A5-A7BE-FCC86326CA9C}.Release|Any CPU.Build.0 = Release|Any CPU
	EndGlobalSection
	GlobalSection(NestedProjects) = preSolution
		{0641A9F4-DCEB-4DFB-91D0-749491226881} = {F9A4691A-1517-4E75-9B7C-BC14379EF12A}
		{1A9949D6-3067-42A5-A7BE-FCC86326CA9C} = {E7007D0A-0EE2-4CF7-8886-BE4A2F638082}
	EndGlobalSection
EndGlobal
